
Microsoft Visual Studio Solution File, Format Version 10.00
# Visual Studio 2008
Project("{8BC9CEB8-8B4A-11D0-8D11-00A0C91BC942}") = "deliciousServer", "deliciousServer\deliciousServer.vcproj", "{6CAB84FB-3BFC-4CF6-81D0-1B42C498A3E2}"
EndProject
Project("{8BC9CEB8-8B4A-11D0-8D11-00A0C91BC942}") = "delicacymapOnCE", "deliciousClient\delicacymapOnCE.vcproj", "{6D65B2B3-E191-3771-B9DF-6A5D0F675D8D}"
EndProject
Global
	GlobalSection(SolutionConfigurationPlatforms) = preSolution
		Debug|Mixed Platforms = Debug|Mixed Platforms
		Debug|Win32 = Debug|Win32
		Debug|Windows Mobile 6 Professional SDK (ARMV4I) = Debug|Windows Mobile 6 Professional SDK (ARMV4I)
		Release|Mixed Platforms = Release|Mixed Platforms
		Release|Win32 = Release|Win32
		Release|Windows Mobile 6 Professional SDK (ARMV4I) = Release|Windows Mobile 6 Professional SDK (ARMV4I)
	EndGlobalSection
	GlobalSection(ProjectConfigurationPlatforms) = postSolution
		{6CAB84FB-3BFC-4CF6-81D0-1B42C498A3E2}.Debug|Mixed Platforms.ActiveCfg = Debug|Win32
		{6CAB84FB-3BFC-4CF6-81D0-1B42C498A3E2}.Debug|Mixed Platforms.Build.0 = Debug|Win32
		{6CAB84FB-3BFC-4CF6-81D0-1B42C498A3E2}.Debug|Win32.ActiveCfg = Debug|Win32
		{6CAB84FB-3BFC-4CF6-81D0-1B42C498A3E2}.Debug|Win32.Build.0 = Debug|Win32
		{6CAB84FB-3BFC-4CF6-81D0-1B42C498A3E2}.Debug|Windows Mobile 6 Professional SDK (ARMV4I).ActiveCfg = Debug|Win32
		{6CAB84FB-3BFC-4CF6-81D0-1B42C498A3E2}.Release|Mixed Platforms.ActiveCfg = Release|Win32
		{6CAB84FB-3BFC-4CF6-81D0-1B42C498A3E2}.Release|Mixed Platforms.Build.0 = Release|Win32
		{6CAB84FB-3BFC-4CF6-81D0-1B42C498A3E2}.Release|Win32.ActiveCfg = Release|Win32
		{6CAB84FB-3BFC-4CF6-81D0-1B42C498A3E2}.Release|Win32.Build.0 = Release|Win32
		{6CAB84FB-3BFC-4CF6-81D0-1B42C498A3E2}.Release|Windows Mobile 6 Professional SDK (ARMV4I).ActiveCfg = Release|Win32
		{6D65B2B3-E191-3771-B9DF-6A5D0F675D8D}.Debug|Mixed Platforms.ActiveCfg = Debug|Win32
		{6D65B2B3-E191-3771-B9DF-6A5D0F675D8D}.Debug|Mixed Platforms.Build.0 = Debug|Win32
		{6D65B2B3-E191-3771-B9DF-6A5D0F675D8D}.Debug|Win32.ActiveCfg = Debug|Win32
		{6D65B2B3-E191-3771-B9DF-6A5D0F675D8D}.Debug|Win32.Build.0 = Debug|Win32
		{6D65B2B3-E191-3771-B9DF-6A5D0F675D8D}.Debug|Windows Mobile 6 Professional SDK (ARMV4I).ActiveCfg = Debug|Win32
		{6D65B2B3-E191-3771-B9DF-6A5D0F675D8D}.Release|Mixed Platforms.ActiveCfg = Release|Win32
		{6D65B2B3-E191-3771-B9DF-6A5D0F675D8D}.Release|Mixed Platforms.Build.0 = Release|Win32
		{6D65B2B3-E191-3771-B9DF-6A5D0F675D8D}.Release|Win32.ActiveCfg = Release|Win32
		{6D65B2B3-E191-3771-B9DF-6A5D0F675D8D}.Release|Win32.Build.0 = Release|Win32
		{6D65B2B3-E191-3771-B9DF-6A5D0F675D8D}.Release|Windows Mobile 6 Professional SDK (ARMV4I).ActiveCfg = Release|Win32
	EndGlobalSection
	GlobalSection(SolutionProperties) = preSolution
		HideSolutionNode = FALSE
	EndGlobalSection
EndGlobal
